// !$*UTF8*$!
{
	archiveVersion = 1;
	classes = {
	};
	objectVersion = 56;
	objects = {

/* Begin PBXBuildFile section */
		102289FA2B2A541400E6532C /* HeightKeyboardExtension.swift in Sources */ = {isa = PBXBuildFile; fileRef = 102289F92B2A541400E6532C /* HeightKeyboardExtension.swift */; };
		102D95B32B2B137800CDAB96 /* BlankView.swift in Sources */ = {isa = PBXBuildFile; fileRef = 102D95B22B2B137800CDAB96 /* BlankView.swift */; };
		102D95B52B2B41CD00CDAB96 /* ListRowItemView.swift in Sources */ = {isa = PBXBuildFile; fileRef = 102D95B42B2B41CD00CDAB96 /* ListRowItemView.swift */; };
		102D95B72B2B474700CDAB96 /* CheckboxStyle.swift in Sources */ = {isa = PBXBuildFile; fileRef = 102D95B62B2B474700CDAB96 /* CheckboxStyle.swift */; };
		103CF5702B290021004CF7C5 /* DevoteApp.swift in Sources */ = {isa = PBXBuildFile; fileRef = 103CF56F2B290021004CF7C5 /* DevoteApp.swift */; };
		103CF5722B290021004CF7C5 /* ContentView.swift in Sources */ = {isa = PBXBuildFile; fileRef = 103CF5712B290021004CF7C5 /* ContentView.swift */; };
		103CF5742B290022004CF7C5 /* Assets.xcassets in Resources */ = {isa = PBXBuildFile; fileRef = 103CF5732B290022004CF7C5 /* Assets.xcassets */; };
		103CF5772B290022004CF7C5 /* Preview Assets.xcassets in Resources */ = {isa = PBXBuildFile; fileRef = 103CF5762B290022004CF7C5 /* Preview Assets.xcassets */; };
		103CF5792B290022004CF7C5 /* Persistence.swift in Sources */ = {isa = PBXBuildFile; fileRef = 103CF5782B290022004CF7C5 /* Persistence.swift */; };
		103CF57C2B290022004CF7C5 /* Devote.xcdatamodeld in Sources */ = {isa = PBXBuildFile; fileRef = 103CF57A2B290022004CF7C5 /* Devote.xcdatamodeld */; };
		103CF5862B29027A004CF7C5 /* sound-rise.mp3 in Resources */ = {isa = PBXBuildFile; fileRef = 103CF5832B29027A004CF7C5 /* sound-rise.mp3 */; };
		103CF5872B29027A004CF7C5 /* sound-tap.mp3 in Resources */ = {isa = PBXBuildFile; fileRef = 103CF5842B29027A004CF7C5 /* sound-tap.mp3 */; };
		103CF5882B29027A004CF7C5 /* sound-ding.mp3 in Resources */ = {isa = PBXBuildFile; fileRef = 103CF5852B29027A004CF7C5 /* sound-ding.mp3 */; };
		103CF59C2B29CAD1004CF7C5 /* Constant.swift in Sources */ = {isa = PBXBuildFile; fileRef = 103CF59B2B29CAD1004CF7C5 /* Constant.swift */; };
		1078AE812B2AEEF200156148 /* BackgroundImageView.swift in Sources */ = {isa = PBXBuildFile; fileRef = 1078AE802B2AEEF200156148 /* BackgroundImageView.swift */; };
		1078AE832B2AF04500156148 /* NewTaskItemView.swift in Sources */ = {isa = PBXBuildFile; fileRef = 1078AE822B2AF04500156148 /* NewTaskItemView.swift */; };
/* End PBXBuildFile section */

/* Begin PBXFileReference section */
		102289F92B2A541400E6532C /* HeightKeyboardExtension.swift */ = {isa = PBXFileReference; lastKnownFileType = sourcecode.swift; path = HeightKeyboardExtension.swift; sourceTree = "<group>"; };
		102D95B22B2B137800CDAB96 /* BlankView.swift */ = {isa = PBXFileReference; lastKnownFileType = sourcecode.swift; path = BlankView.swift; sourceTree = "<group>"; };
		102D95B42B2B41CD00CDAB96 /* ListRowItemView.swift */ = {isa = PBXFileReference; lastKnownFileType = sourcecode.swift; path = ListRowItemView.swift; sourceTree = "<group>"; };
		102D95B62B2B474700CDAB96 /* CheckboxStyle.swift */ = {isa = PBXFileReference; lastKnownFileType = sourcecode.swift; path = CheckboxStyle.swift; sourceTree = "<group>"; };
		103CF56C2B290021004CF7C5 /* Devote.app */ = {isa = PBXFileReference; explicitFileType = wrapper.application; includeInIndex = 0; path = Devote.app; sourceTree = BUILT_PRODUCTS_DIR; };
		103CF56F2B290021004CF7C5 /* DevoteApp.swift */ = {isa = PBXFileReference; lastKnownFileType = sourcecode.swift; path = DevoteApp.swift; sourceTree = "<group>"; };
		103CF5712B290021004CF7C5 /* ContentView.swift */ = {isa = PBXFileReference; lastKnownFileType = sourcecode.swift; path = ContentView.swift; sourceTree = "<group>"; };
		103CF5732B290022004CF7C5 /* Assets.xcassets */ = {isa = PBXFileReference; lastKnownFileType = folder.assetcatalog; path = Assets.xcassets; sourceTree = "<group>"; };
		103CF5762B290022004CF7C5 /* Preview Assets.xcassets */ = {isa = PBXFileReference; lastKnownFileType = folder.assetcatalog; path = "Preview Assets.xcassets"; sourceTree = "<group>"; };
		103CF5782B290022004CF7C5 /* Persistence.swift */ = {isa = PBXFileReference; lastKnownFileType = sourcecode.swift; path = Persistence.swift; sourceTree = "<group>"; };
		103CF57B2B290022004CF7C5 /* Devote.xcdatamodel */ = {isa = PBXFileReference; lastKnownFileType = wrapper.xcdatamodel; path = Devote.xcdatamodel; sourceTree = "<group>"; };
		103CF5832B29027A004CF7C5 /* sound-rise.mp3 */ = {isa = PBXFileReference; lastKnownFileType = audio.mp3; path = "sound-rise.mp3"; sourceTree = "<group>"; };
		103CF5842B29027A004CF7C5 /* sound-tap.mp3 */ = {isa = PBXFileReference; lastKnownFileType = audio.mp3; path = "sound-tap.mp3"; sourceTree = "<group>"; };
		103CF5852B29027A004CF7C5 /* sound-ding.mp3 */ = {isa = PBXFileReference; lastKnownFileType = audio.mp3; path = "sound-ding.mp3"; sourceTree = "<group>"; };
		103CF58E2B298945004CF7C5 /* Info.plist */ = {isa = PBXFileReference; lastKnownFileType = text.plist; path = Info.plist; sourceTree = "<group>"; };
		103CF59B2B29CAD1004CF7C5 /* Constant.swift */ = {isa = PBXFileReference; lastKnownFileType = sourcecode.swift; path = Constant.swift; sourceTree = "<group>"; };
		1078AE802B2AEEF200156148 /* BackgroundImageView.swift */ = {isa = PBXFileReference; lastKnownFileType = sourcecode.swift; path = BackgroundImageView.swift; sourceTree = "<group>"; };
		1078AE822B2AF04500156148 /* NewTaskItemView.swift */ = {isa = PBXFileReference; lastKnownFileType = sourcecode.swift; path = NewTaskItemView.swift; sourceTree = "<group>"; };
/* End PBXFileReference section */

/* Begin PBXFrameworksBuildPhase section */
		103CF5692B290021004CF7C5 /* Frameworks */ = {
			isa = PBXFrameworksBuildPhase;
			buildActionMask = 2147483647;
			files = (
			);
			runOnlyForDeploymentPostprocessing = 0;
		};
/* End PBXFrameworksBuildPhase section */

/* Begin PBXGroup section */
		103CF5632B290021004CF7C5 = {
			isa = PBXGroup;
			children = (
				103CF56E2B290021004CF7C5 /* Devote */,
				103CF56D2B290021004CF7C5 /* Products */,
			);
			sourceTree = "<group>";
		};
		103CF56D2B290021004CF7C5 /* Products */ = {
			isa = PBXGroup;
			children = (
				103CF56C2B290021004CF7C5 /* Devote.app */,
			);
			name = Products;
			sourceTree = "<group>";
		};
		103CF56E2B290021004CF7C5 /* Devote */ = {
			isa = PBXGroup;
			children = (
				103CF58E2B298945004CF7C5 /* Info.plist */,
				103CF56F2B290021004CF7C5 /* DevoteApp.swift */,
				103CF5892B29028A004CF7C5 /* View */,
				103CF58D2B2902C0004CF7C5 /* Model */,
				103CF58C2B2902AE004CF7C5 /* Style */,
				103CF58B2B29029C004CF7C5 /* Utility */,
				103CF58A2B290290004CF7C5 /* Extension */,
				103CF5822B290270004CF7C5 /* Sound */,
				103CF5712B290021004CF7C5 /* ContentView.swift */,
				103CF5732B290022004CF7C5 /* Assets.xcassets */,
				103CF5752B290022004CF7C5 /* Preview Content */,
			);
			path = Devote;
			sourceTree = "<group>";
		};
		103CF5752B290022004CF7C5 /* Preview Content */ = {
			isa = PBXGroup;
			children = (
				103CF5762B290022004CF7C5 /* Preview Assets.xcassets */,
			);
			path = "Preview Content";
			sourceTree = "<group>";
		};
		103CF5822B290270004CF7C5 /* Sound */ = {
			isa = PBXGroup;
			children = (
				103CF5852B29027A004CF7C5 /* sound-ding.mp3 */,
				103CF5832B29027A004CF7C5 /* sound-rise.mp3 */,
				103CF5842B29027A004CF7C5 /* sound-tap.mp3 */,
			);
			path = Sound;
			sourceTree = "<group>";
		};
		103CF5892B29028A004CF7C5 /* View */ = {
			isa = PBXGroup;
			children = (
				1078AE802B2AEEF200156148 /* BackgroundImageView.swift */,
				1078AE822B2AF04500156148 /* NewTaskItemView.swift */,
				102D95B22B2B137800CDAB96 /* BlankView.swift */,
				102D95B42B2B41CD00CDAB96 /* ListRowItemView.swift */,
			);
			path = View;
			sourceTree = "<group>";
		};
		103CF58A2B290290004CF7C5 /* Extension */ = {
			isa = PBXGroup;
			children = (
				102289F92B2A541400E6532C /* HeightKeyboardExtension.swift */,
			);
			path = Extension;
			sourceTree = "<group>";
		};
		103CF58B2B29029C004CF7C5 /* Utility */ = {
			isa = PBXGroup;
			children = (
				103CF59B2B29CAD1004CF7C5 /* Constant.swift */,
			);
			path = Utility;
			sourceTree = "<group>";
		};
		103CF58C2B2902AE004CF7C5 /* Style */ = {
			isa = PBXGroup;
			children = (
				102D95B62B2B474700CDAB96 /* CheckboxStyle.swift */,
			);
			path = Style;
			sourceTree = "<group>";
		};
		103CF58D2B2902C0004CF7C5 /* Model */ = {
			isa = PBXGroup;
			children = (
				103CF5782B290022004CF7C5 /* Persistence.swift */,
				103CF57A2B290022004CF7C5 /* Devote.xcdatamodeld */,
			);
			path = Model;
			sourceTree = "<group>";
		};
/* End PBXGroup section */

/* Begin PBXNativeTarget section */
		103CF56B2B290021004CF7C5 /* Devote */ = {
			isa = PBXNativeTarget;
			buildConfigurationList = 103CF57F2B290022004CF7C5 /* Build configuration list for PBXNativeTarget "Devote" */;
			buildPhases = (
				103CF5682B290021004CF7C5 /* Sources */,
				103CF5692B290021004CF7C5 /* Frameworks */,
				103CF56A2B290021004CF7C5 /* Resources */,
			);
			buildRules = (
			);
			dependencies = (
			);
			name = Devote;
			productName = Devote;
			productReference = 103CF56C2B290021004CF7C5 /* Devote.app */;
			productType = "com.apple.product-type.application";
		};
/* End PBXNativeTarget section */

/* Begin PBXProject section */
		103CF5642B290021004CF7C5 /* Project object */ = {
			isa = PBXProject;
			attributes = {
				BuildIndependentTargetsInParallel = 1;
				LastSwiftUpdateCheck = 1430;
				LastUpgradeCheck = 1430;
				TargetAttributes = {
					103CF56B2B290021004CF7C5 = {
						CreatedOnToolsVersion = 14.3.1;
					};
				};
			};
			buildConfigurationList = 103CF5672B290021004CF7C5 /* Build configuration list for PBXProject "Devote" */;
			compatibilityVersion = "Xcode 14.0";
			developmentRegion = en;
			hasScannedForEncodings = 0;
			knownRegions = (
				en,
				Base,
			);
			mainGroup = 103CF5632B290021004CF7C5;
			productRefGroup = 103CF56D2B290021004CF7C5 /* Products */;
			projectDirPath = "";
			projectRoot = "";
			targets = (
				103CF56B2B290021004CF7C5 /* Devote */,
			);
		};
/* End PBXProject section */

/* Begin PBXResourcesBuildPhase section */
		103CF56A2B290021004CF7C5 /* Resources */ = {
			isa = PBXResourcesBuildPhase;
			buildActionMask = 2147483647;
			files = (
				103CF5882B29027A004CF7C5 /* sound-ding.mp3 in Resources */,
				103CF5862B29027A004CF7C5 /* sound-rise.mp3 in Resources */,
				103CF5772B290022004CF7C5 /* Preview Assets.xcassets in Resources */,
				103CF5872B29027A004CF7C5 /* sound-tap.mp3 in Resources */,
				103CF5742B290022004CF7C5 /* Assets.xcassets in Resources */,
			);
			runOnlyForDeploymentPostprocessing = 0;
		};
/* End PBXResourcesBuildPhase section */

/* Begin PBXSourcesBuildPhase section */
		103CF5682B290021004CF7C5 /* Sources */ = {
			isa = PBXSourcesBuildPhase;
			buildActionMask = 2147483647;
			files = (
				103CF59C2B29CAD1004CF7C5 /* Constant.swift in Sources */,
				1078AE812B2AEEF200156148 /* BackgroundImageView.swift in Sources */,
				103CF5792B290022004CF7C5 /* Persistence.swift in Sources */,
				103CF5722B290021004CF7C5 /* ContentView.swift in Sources */,
				102D95B32B2B137800CDAB96 /* BlankView.swift in Sources */,
				103CF57C2B290022004CF7C5 /* Devote.xcdatamodeld in Sources */,
				102D95B52B2B41CD00CDAB96 /* ListRowItemView.swift in Sources */,
				103CF5702B290021004CF7C5 /* DevoteApp.swift in Sources */,
				102289FA2B2A541400E6532C /* HeightKeyboardExtension.swift in Sources */,
				102D95B72B2B474700CDAB96 /* CheckboxStyle.swift in Sources */,
				1078AE832B2AF04500156148 /* NewTaskItemView.swift in Sources */,
			);
			runOnlyForDeploymentPostprocessing = 0;
		};
/* End PBXSourcesBuildPhase section */

/* Begin XCBuildConfiguration section */
		103CF57D2B290022004CF7C5 /* Debug */ = {
			isa = XCBuildConfiguration;
			buildSettings = {
				ALWAYS_SEARCH_USER_PATHS = NO;
				CLANG_ANALYZER_NONNULL = YES;
				CLANG_ANALYZER_NUMBER_OBJECT_CONVERSION = YES_AGGRESSIVE;
				CLANG_CXX_LANGUAGE_STANDARD = "gnu++20";
				CLANG_ENABLE_MODULES = YES;
				CLANG_ENABLE_OBJC_ARC = YES;
				CLANG_ENABLE_OBJC_WEAK = YES;
				CLANG_WARN_BLOCK_CAPTURE_AUTORELEASING = YES;
				CLANG_WARN_BOOL_CONVERSION = YES;
				CLANG_WARN_COMMA = YES;
				CLANG_WARN_CONSTANT_CONVERSION = YES;
				CLANG_WARN_DEPRECATED_OBJC_IMPLEMENTATIONS = YES;
				CLANG_WARN_DIRECT_OBJC_ISA_USAGE = YES_ERROR;
				CLANG_WARN_DOCUMENTATION_COMMENTS = YES;
				CLANG_WARN_EMPTY_BODY = YES;
				CLANG_WARN_ENUM_CONVERSION = YES;
				CLANG_WARN_INFINITE_RECURSION = YES;
				CLANG_WARN_INT_CONVERSION = YES;
				CLANG_WARN_NON_LITERAL_NULL_CONVERSION = YES;
				CLANG_WARN_OBJC_IMPLICIT_RETAIN_SELF = YES;
				CLANG_WARN_OBJC_LITERAL_CONVERSION = YES;
				CLANG_WARN_OBJC_ROOT_CLASS = YES_ERROR;
				CLANG_WARN_QUOTED_INCLUDE_IN_FRAMEWORK_HEADER = YES;
				CLANG_WARN_RANGE_LOOP_ANALYSIS = YES;
				CLANG_WARN_STRICT_PROTOTYPES = YES;
				CLANG_WARN_SUSPICIOUS_MOVE = YES;
				CLANG_WARN_UNGUARDED_AVAILABILITY = YES_AGGRESSIVE;
				CLANG_WARN_UNREACHABLE_CODE = YES;
				CLANG_WARN__DUPLICATE_METHOD_MATCH = YES;
				COPY_PHASE_STRIP = NO;
				DEBUG_INFORMATION_FORMAT = dwarf;
				ENABLE_STRICT_OBJC_MSGSEND = YES;
				ENABLE_TESTABILITY = YES;
				GCC_C_LANGUAGE_STANDARD = gnu11;
				GCC_DYNAMIC_NO_PIC = NO;
				GCC_NO_COMMON_BLOCKS = YES;
				GCC_OPTIMIZATION_LEVEL = 0;
				GCC_PREPROCESSOR_DEFINITIONS = (
					"DEBUG=1",
					"$(inherited)",
				);
				GCC_WARN_64_TO_32_BIT_CONVERSION = YES;
				GCC_WARN_ABOUT_RETURN_TYPE = YES_ERROR;
				GCC_WARN_UNDECLARED_SELECTOR = YES;
				GCC_WARN_UNINITIALIZED_AUTOS = YES_AGGRESSIVE;
				GCC_WARN_UNUSED_FUNCTION = YES;
				GCC_WARN_UNUSED_VARIABLE = YES;
				IPHONEOS_DEPLOYMENT_TARGET = 16.4;
				MTL_ENABLE_DEBUG_INFO = INCLUDE_SOURCE;
				MTL_FAST_MATH = YES;
				ONLY_ACTIVE_ARCH = YES;
				SDKROOT = iphoneos;
				SWIFT_ACTIVE_COMPILATION_CONDITIONS = DEBUG;
				SWIFT_OPTIMIZATION_LEVEL = "-Onone";
			};
			name = Debug;
		};
		103CF57E2B290022004CF7C5 /* Release */ = {
			isa = XCBuildConfiguration;
			buildSettings = {
				ALWAYS_SEARCH_USER_PATHS = NO;
				CLANG_ANALYZER_NONNULL = YES;
				CLANG_ANALYZER_NUMBER_OBJECT_CONVERSION = YES_AGGRESSIVE;
				CLANG_CXX_LANGUAGE_STANDARD = "gnu++20";
				CLANG_ENABLE_MODULES = YES;
				CLANG_ENABLE_OBJC_ARC = YES;
				CLANG_ENABLE_OBJC_WEAK = YES;
				CLANG_WARN_BLOCK_CAPTURE_AUTORELEASING = YES;
				CLANG_WARN_BOOL_CONVERSION = YES;
				CLANG_WARN_COMMA = YES;
				CLANG_WARN_CONSTANT_CONVERSION = YES;
				CLANG_WARN_DEPRECATED_OBJC_IMPLEMENTATIONS = YES;
				CLANG_WARN_DIRECT_OBJC_ISA_USAGE = YES_ERROR;
				CLANG_WARN_DOCUMENTATION_COMMENTS = YES;
				CLANG_WARN_EMPTY_BODY = YES;
				CLANG_WARN_ENUM_CONVERSION = YES;
				CLANG_WARN_INFINITE_RECURSION = YES;
				CLANG_WARN_INT_CONVERSION = YES;
				CLANG_WARN_NON_LITERAL_NULL_CONVERSION = YES;
				CLANG_WARN_OBJC_IMPLICIT_RETAIN_SELF = YES;
				CLANG_WARN_OBJC_LITERAL_CONVERSION = YES;
				CLANG_WARN_OBJC_ROOT_CLASS = YES_ERROR;
				CLANG_WARN_QUOTED_INCLUDE_IN_FRAMEWORK_HEADER = YES;
				CLANG_WARN_RANGE_LOOP_ANALYSIS = YES;
				CLANG_WARN_STRICT_PROTOTYPES = YES;
				CLANG_WARN_SUSPICIOUS_MOVE = YES;
				CLANG_WARN_UNGUARDED_AVAILABILITY = YES_AGGRESSIVE;
				CLANG_WARN_UNREACHABLE_CODE = YES;
				CLANG_WARN__DUPLICATE_METHOD_MATCH = YES;
				COPY_PHASE_STRIP = NO;
				DEBUG_INFORMATION_FORMAT = "dwarf-with-dsym";
				ENABLE_NS_ASSERTIONS = NO;
				ENABLE_STRICT_OBJC_MSGSEND = YES;
				GCC_C_LANGUAGE_STANDARD = gnu11;
				GCC_NO_COMMON_BLOCKS = YES;
				GCC_WARN_64_TO_32_BIT_CONVERSION = YES;
				GCC_WARN_ABOUT_RETURN_TYPE = YES_ERROR;
				GCC_WARN_UNDECLARED_SELECTOR = YES;
				GCC_WARN_UNINITIALIZED_AUTOS = YES_AGGRESSIVE;
				GCC_WARN_UNUSED_FUNCTION = YES;
				GCC_WARN_UNUSED_VARIABLE = YES;
				IPHONEOS_DEPLOYMENT_TARGET = 16.4;
				MTL_ENABLE_DEBUG_INFO = NO;
				MTL_FAST_MATH = YES;
				SDKROOT = iphoneos;
				SWIFT_COMPILATION_MODE = wholemodule;
				SWIFT_OPTIMIZATION_LEVEL = "-O";
				VALIDATE_PRODUCT = YES;
			};
			name = Release;
		};
		103CF5802B290022004CF7C5 /* Debug */ = {
			isa = XCBuildConfiguration;
			buildSettings = {
				ASSETCATALOG_COMPILER_APPICON_NAME = AppIcon;
				ASSETCATALOG_COMPILER_GLOBAL_ACCENT_COLOR_NAME = AccentColor;
				CODE_SIGN_STYLE = Automatic;
				CURRENT_PROJECT_VERSION = 1;
				DEVELOPMENT_ASSET_PATHS = "\"Devote/Preview Content\"";
				DEVELOPMENT_TEAM = 84UUUS3LYJ;
				ENABLE_PREVIEWS = YES;
				GENERATE_INFOPLIST_FILE = YES;
				INFOPLIST_FILE = Devote/Info.plist;
				INFOPLIST_KEY_UIApplicationSceneManifest_Generation = YES;
				INFOPLIST_KEY_UIApplicationSupportsIndirectInputEvents = YES;
				INFOPLIST_KEY_UISupportedInterfaceOrientations = UIInterfaceOrientationPortrait;
				INFOPLIST_KEY_UISupportedInterfaceOrientations_iPad = "UIInterfaceOrientationLandscapeLeft UIInterfaceOrientationLandscapeRight UIInterfaceOrientationPortrait UIInterfaceOrientationPortraitUpsideDown";
				LD_RUNPATH_SEARCH_PATHS = (
					"$(inherited)",
					"@executable_path/Frameworks",
				);
				MARKETING_VERSION = 1.0;
				PRODUCT_BUNDLE_IDENTIFIER = com.kshitijchauhan.Devote;
				PRODUCT_NAME = "$(TARGET_NAME)";
				SWIFT_EMIT_LOC_STRINGS = YES;
				SWIFT_VERSION = 5.0;
				TARGETED_DEVICE_FAMILY = "1,2";
			};
			name = Debug;
		};
		103CF5812B290022004CF7C5 /* Release */ = {
			isa = XCBuildConfiguration;
			buildSettings = {
				ASSETCATALOG_COMPILER_APPICON_NAME = AppIcon;
				ASSETCATALOG_COMPILER_GLOBAL_ACCENT_COLOR_NAME = AccentColor;
				CODE_SIGN_STYLE = Automatic;
				CURRENT_PROJECT_VERSION = 1;
				DEVELOPMENT_ASSET_PATHS = "\"Devote/Preview Content\"";
				DEVELOPMENT_TEAM = 84UUUS3LYJ;
				ENABLE_PREVIEWS = YES;
				GENERATE_INFOPLIST_FILE = YES;
				INFOPLIST_FILE = Devote/Info.plist;
				INFOPLIST_KEY_UIApplicationSceneManifest_Generation = YES;
				INFOPLIST_KEY_UIApplicationSupportsIndirectInputEvents = YES;
				INFOPLIST_KEY_UISupportedInterfaceOrientations = UIInterfaceOrientationPortrait;
				INFOPLIST_KEY_UISupportedInterfaceOrientations_iPad = "UIInterfaceOrientationLandscapeLeft UIInterfaceOrientationLandscapeRight UIInterfaceOrientationPortrait UIInterfaceOrientationPortraitUpsideDown";
				LD_RUNPATH_SEARCH_PATHS = (
					"$(inherited)",
					"@executable_path/Frameworks",
				);
				MARKETING_VERSION = 1.0;
				PRODUCT_BUNDLE_IDENTIFIER = com.kshitijchauhan.Devote;
				PRODUCT_NAME = "$(TARGET_NAME)";
				SWIFT_EMIT_LOC_STRINGS = YES;
				SWIFT_VERSION = 5.0;
				TARGETED_DEVICE_FAMILY = "1,2";
			};
			name = Release;
		};
/* End XCBuildConfiguration section */

/* Begin XCConfigurationList section */
		103CF5672B290021004CF7C5 /* Build configuration list for PBXProject "Devote" */ = {
			isa = XCConfigurationList;
			buildConfigurations = (
				103CF57D2B290022004CF7C5 /* Debug */,
				103CF57E2B290022004CF7C5 /* Release */,
			);
			defaultConfigurationIsVisible = 0;
			defaultConfigurationName = Release;
		};
		103CF57F2B290022004CF7C5 /* Build configuration list for PBXNativeTarget "Devote" */ = {
			isa = XCConfigurationList;
			buildConfigurations = (
				103CF5802B290022004CF7C5 /* Debug */,
				103CF5812B290022004CF7C5 /* Release */,
			);
			defaultConfigurationIsVisible = 0;
			defaultConfigurationName = Release;
		};
/* End XCConfigurationList section */

/* Begin XCVersionGroup section */
		103CF57A2B290022004CF7C5 /* Devote.xcdatamodeld */ = {
			isa = XCVersionGroup;
			children = (
				103CF57B2B290022004CF7C5 /* Devote.xcdatamodel */,
			);
			currentVersion = 103CF57B2B290022004CF7C5 /* Devote.xcdatamodel */;
			path = Devote.xcdatamodeld;
			sourceTree = "<group>";
			versionGroupType = wrapper.xcdatamodel;
		};
/* End XCVersionGroup section */
	};
	rootObject = 103CF5642B290021004CF7C5 /* Project object */;
}
